
Microsoft Visual Studio Solution File, Format Version 12.00
# Visual Studio Version 17
VisualStudioVersion = 17.11.35312.102
MinimumVisualStudioVersion = 10.0.40219.1
Project("{FAE04EC0-301F-11D3-BF4B-00C04F79EFBC}") = "Data", "Data\Data.csproj", "{71589662-E403-4107-A134-9409D42C4979}"
EndProject
Project("{FAE04EC0-301F-11D3-BF4B-00C04F79EFBC}") = "Logic", "Logic\Logic.csproj", "{5E12751F-6F7A-42A2-B1A6-A8A9457EF7CA}"
EndProject
Project("{FAE04EC0-301F-11D3-BF4B-00C04F79EFBC}") = "Presentation", "Presentation\Presentation.csproj", "{20794E6A-EE23-4861-9302-D317AA7C1523}"
EndProject
Global
	GlobalSection(SolutionConfigurationPlatforms) = preSolution
		Debug|Any CPU = Debug|Any CPU
		Release|Any CPU = Release|Any CPU
	EndGlobalSection
	GlobalSection(ProjectConfigurationPlatforms) = postSolution
		{71589662-E403-4107-A134-9409D42C4979}.Debug|Any CPU.ActiveCfg = Debug|Any CPU
		{71589662-E403-4107-A134-9409D42C4979}.Debug|Any CPU.Build.0 = Debug|Any CPU
		{71589662-E403-4107-A134-9409D42C4979}.Release|Any CPU.ActiveCfg = Release|Any CPU
		{71589662-E403-4107-A134-9409D42C4979}.Release|Any CPU.Build.0 = Release|Any CPU
		{5E12751F-6F7A-42A2-B1A6-A8A9457EF7CA}.Debug|Any CPU.ActiveCfg = Debug|Any CPU
		{5E12751F-6F7A-42A2-B1A6-A8A9457EF7CA}.Debug|Any CPU.Build.0 = Debug|Any CPU
		{5E12751F-6F7A-42A2-B1A6-A8A9457EF7CA}.Release|Any CPU.ActiveCfg = Release|Any CPU
		{5E12751F-6F7A-42A2-B1A6-A8A9457EF7CA}.Release|Any CPU.Build.0 = Release|Any CPU
		{20794E6A-EE23-4861-9302-D317AA7C1523}.Debug|Any CPU.ActiveCfg = Debug|Any CPU
		{20794E6A-EE23-4861-9302-D317AA7C1523}.Debug|Any CPU.Build.0 = Debug|Any CPU
		{20794E6A-EE23-4861-9302-D317AA7C1523}.Release|Any CPU.ActiveCfg = Release|Any CPU
		{20794E6A-EE23-4861-9302-D317AA7C1523}.Release|Any CPU.Build.0 = Release|Any CPU
	EndGlobalSection
	GlobalSection(SolutionProperties) = preSolution
		HideSolutionNode = FALSE
	EndGlobalSection
	GlobalSection(ExtensibilityGlobals) = postSolution
		SolutionGuid = {FC3A3A11-1271-42E2-AD5B-369F12FACEFC}
	EndGlobalSection
EndGlobal
